// !$*UTF8*$!
{
	archiveVersion = 1;
	classes = {
	};
	objectVersion = 56;
	objects = {

/* Begin PBXBuildFile section */
		A0E131B885E58C927192427F /* Pods_WalkerAppiOS.framework in Frameworks */ = {isa = PBXBuildFile; fileRef = F21A12EAAF1967D75F2816D1 /* Pods_WalkerAppiOS.framework */; };
		B2004DF62BB7482100C4ECC4 /* AuthorizationViewController.swift in Sources */ = {isa = PBXBuildFile; fileRef = B2004DF52BB7482100C4ECC4 /* AuthorizationViewController.swift */; };
		B2004DF82BB74C7F00C4ECC4 /* RectangleSubViewBaseViewAuth.swift in Sources */ = {isa = PBXBuildFile; fileRef = B2004DF72BB74C7F00C4ECC4 /* RectangleSubViewBaseViewAuth.swift */; };
		B2085B332BB60318002B12DE /* CustomTextField.swift in Sources */ = {isa = PBXBuildFile; fileRef = B2085B322BB60318002B12DE /* CustomTextField.swift */; };
		B2201C1F2BC1F8C90027652C /* loaderView.json in Resources */ = {isa = PBXBuildFile; fileRef = B2201C1E2BC1F8C90027652C /* loaderView.json */; };
		B2201C232BC1FC050027652C /* workDevelopment.json in Resources */ = {isa = PBXBuildFile; fileRef = B2201C222BC1FC050027652C /* workDevelopment.json */; };
		B22783AE2BA3877D00F45C17 /* AppDelegate.swift in Sources */ = {isa = PBXBuildFile; fileRef = B22783AD2BA3877D00F45C17 /* AppDelegate.swift */; };
		B22783B02BA3877D00F45C17 /* SceneDelegate.swift in Sources */ = {isa = PBXBuildFile; fileRef = B22783AF2BA3877D00F45C17 /* SceneDelegate.swift */; };
		B22783B72BA3878300F45C17 /* Assets.xcassets in Resources */ = {isa = PBXBuildFile; fileRef = B22783B62BA3878300F45C17 /* Assets.xcassets */; };
		B22783BA2BA3878300F45C17 /* LaunchScreen.storyboard in Resources */ = {isa = PBXBuildFile; fileRef = B22783B82BA3878300F45C17 /* LaunchScreen.storyboard */; };
		B22783C52BA3889F00F45C17 /* Coordinator.swift in Sources */ = {isa = PBXBuildFile; fileRef = B22783C42BA3889F00F45C17 /* Coordinator.swift */; };
		B22783C72BA388C900F45C17 /* AppCoordinator.swift in Sources */ = {isa = PBXBuildFile; fileRef = B22783C62BA388C900F45C17 /* AppCoordinator.swift */; };
		B22783C92BA388F300F45C17 /* AuthCoordinator.swift in Sources */ = {isa = PBXBuildFile; fileRef = B22783C82BA388F300F45C17 /* AuthCoordinator.swift */; };
		B22783CB2BA3890D00F45C17 /* MainCoordinator.swift in Sources */ = {isa = PBXBuildFile; fileRef = B22783CA2BA3890D00F45C17 /* MainCoordinator.swift */; };
		B22783CF2BA3895000F45C17 /* MainViewController.swift in Sources */ = {isa = PBXBuildFile; fileRef = B22783CE2BA3895000F45C17 /* MainViewController.swift */; };
		B22783D12BA3896800F45C17 /* MainAssembly.swift in Sources */ = {isa = PBXBuildFile; fileRef = B22783D02BA3896800F45C17 /* MainAssembly.swift */; };
		B22783D42BA3898F00F45C17 /* AuthViewController.swift in Sources */ = {isa = PBXBuildFile; fileRef = B22783D32BA3898F00F45C17 /* AuthViewController.swift */; };
		B22783D62BA389A600F45C17 /* AuthAssembly.swift in Sources */ = {isa = PBXBuildFile; fileRef = B22783D52BA389A600F45C17 /* AuthAssembly.swift */; };
		B22783D92BA389D000F45C17 /* Dependencies.swift in Sources */ = {isa = PBXBuildFile; fileRef = B22783D82BA389D000F45C17 /* Dependencies.swift */; };
		B22783DB2BA389EB00F45C17 /* ModuleContainer.swift in Sources */ = {isa = PBXBuildFile; fileRef = B22783DA2BA389EB00F45C17 /* ModuleContainer.swift */; };
		B22783DE2BA38A1200F45C17 /* UserDefaultsRepository.swift in Sources */ = {isa = PBXBuildFile; fileRef = B22783DD2BA38A1200F45C17 /* UserDefaultsRepository.swift */; };
		B22783E12BA38A3200F45C17 /* Constants.swift in Sources */ = {isa = PBXBuildFile; fileRef = B22783E02BA38A3200F45C17 /* Constants.swift */; };
		B239AB1F2BAB7B6500DDD29E /* RegistrationViewController.swift in Sources */ = {isa = PBXBuildFile; fileRef = B239AB1E2BAB7B6500DDD29E /* RegistrationViewController.swift */; };
		B239AB212BAB7B7500DDD29E /* RegistrationAssembly.swift in Sources */ = {isa = PBXBuildFile; fileRef = B239AB202BAB7B7500DDD29E /* RegistrationAssembly.swift */; };
		B239AB242BAB7E1E00DDD29E /* NextScreenFromAuthViewController.swift in Sources */ = {isa = PBXBuildFile; fileRef = B239AB232BAB7E1E00DDD29E /* NextScreenFromAuthViewController.swift */; };
		B239AB262BAB7EAD00DDD29E /* NextScreenFromAuthAssembly.swift in Sources */ = {isa = PBXBuildFile; fileRef = B239AB252BAB7EAD00DDD29E /* NextScreenFromAuthAssembly.swift */; };
		B25791FD2BB34061005F628D /* User.swift in Sources */ = {isa = PBXBuildFile; fileRef = B25791FC2BB34061005F628D /* User.swift */; };
		B25791FF2BB34112005F628D /* AuthViewModel.swift in Sources */ = {isa = PBXBuildFile; fileRef = B25791FE2BB34112005F628D /* AuthViewModel.swift */; };
		B25792012BB34223005F628D /* Dynamic.swift in Sources */ = {isa = PBXBuildFile; fileRef = B25792002BB34223005F628D /* Dynamic.swift */; };
		B276100E2BC86D5A00CDD3E3 /* StandartCustomNavigationBar.swift in Sources */ = {isa = PBXBuildFile; fileRef = B276100D2BC86D5A00CDD3E3 /* StandartCustomNavigationBar.swift */; };
		B27610102BC87ADD00CDD3E3 /* CustomNavigationBar.swift in Sources */ = {isa = PBXBuildFile; fileRef = B276100F2BC87ADD00CDD3E3 /* CustomNavigationBar.swift */; };
		B27610122BC884B700CDD3E3 /* RegistrationCollectionView.swift in Sources */ = {isa = PBXBuildFile; fileRef = B27610112BC884B700CDD3E3 /* RegistrationCollectionView.swift */; };
		B28267E32BC1C00A008B183F /* CustomTextField+SecureTogleExtension.swift in Sources */ = {isa = PBXBuildFile; fileRef = B28267E22BC1C00A008B183F /* CustomTextField+SecureTogleExtension.swift */; };
		B28A15842BA8DC23008B15A9 /* RecoverPasswordViewController.swift in Sources */ = {isa = PBXBuildFile; fileRef = B28A15832BA8DC23008B15A9 /* RecoverPasswordViewController.swift */; };
		B28A15862BA8DC61008B15A9 /* RecoverPasswordAssembly.swift in Sources */ = {isa = PBXBuildFile; fileRef = B28A15852BA8DC61008B15A9 /* RecoverPasswordAssembly.swift */; };
		B2C8DB0B2BBB303D0093B197 /* Extensions.swift in Sources */ = {isa = PBXBuildFile; fileRef = B2C8DB0A2BBB303D0093B197 /* Extensions.swift */; };
		B2E2B1D62BC4768100052ACF /* CustomTextField + CheckoutExtension.swift in Sources */ = {isa = PBXBuildFile; fileRef = B2E2B1D52BC4768100052ACF /* CustomTextField + CheckoutExtension.swift */; };
		B2E2B1D82BC478EE00052ACF /* CustomTextFieldViewModel.swift in Sources */ = {isa = PBXBuildFile; fileRef = B2E2B1D72BC478EE00052ACF /* CustomTextFieldViewModel.swift */; };
		B2EEC1062BA4C9E500F8849B /* SnapKit in Frameworks */ = {isa = PBXBuildFile; productRef = B2EEC1052BA4C9E500F8849B /* SnapKit */; };
		B2EEC1142BA4CE4200F8849B /* SFUIText-HeavyItalic.ttf in Resources */ = {isa = PBXBuildFile; fileRef = B2EEC1082BA4CE4100F8849B /* SFUIText-HeavyItalic.ttf */; };
		B2EEC1162BA4CE4200F8849B /* SFUIText-Bold_0.ttf in Resources */ = {isa = PBXBuildFile; fileRef = B2EEC10A2BA4CE4100F8849B /* SFUIText-Bold_0.ttf */; };
		B2EEC1182BA4CE4200F8849B /* SFUIText-BoldItalic.ttf in Resources */ = {isa = PBXBuildFile; fileRef = B2EEC10C2BA4CE4100F8849B /* SFUIText-BoldItalic.ttf */; };
		B2EEC1192BA4CE4200F8849B /* SFUIText-LightItalic.ttf in Resources */ = {isa = PBXBuildFile; fileRef = B2EEC10D2BA4CE4100F8849B /* SFUIText-LightItalic.ttf */; };
		B2EEC11A2BA4CE4200F8849B /* SFUIText-Medium.ttf in Resources */ = {isa = PBXBuildFile; fileRef = B2EEC10E2BA4CE4100F8849B /* SFUIText-Medium.ttf */; };
		B2EEC11B2BA4CE4200F8849B /* SFUIText-Heavy.ttf in Resources */ = {isa = PBXBuildFile; fileRef = B2EEC10F2BA4CE4100F8849B /* SFUIText-Heavy.ttf */; };
		B2EEC11C2BA4CE4200F8849B /* SFUIText-Light.ttf in Resources */ = {isa = PBXBuildFile; fileRef = B2EEC1102BA4CE4100F8849B /* SFUIText-Light.ttf */; };
		B2EEC11E2BA4CE4200F8849B /* SFUIText-RegularItalic.ttf in Resources */ = {isa = PBXBuildFile; fileRef = B2EEC1122BA4CE4100F8849B /* SFUIText-RegularItalic.ttf */; };
		B2EEC11F2BA4CE4200F8849B /* SFUIText-Semibold.ttf in Resources */ = {isa = PBXBuildFile; fileRef = B2EEC1132BA4CE4200F8849B /* SFUIText-Semibold.ttf */; };
		B2F8642A2BC7298E004D69D5 /* CustomNavigationBarForRecoverVC.swift in Sources */ = {isa = PBXBuildFile; fileRef = B2F864292BC7298E004D69D5 /* CustomNavigationBarForRecoverVC.swift */; };
/* End PBXBuildFile section */

/* Begin PBXFileReference section */
		30660B4369837708DE32EAE5 /* Pods-WalkerAppiOS.release.xcconfig */ = {isa = PBXFileReference; includeInIndex = 1; lastKnownFileType = text.xcconfig; name = "Pods-WalkerAppiOS.release.xcconfig"; path = "Target Support Files/Pods-WalkerAppiOS/Pods-WalkerAppiOS.release.xcconfig"; sourceTree = "<group>"; };
		669F5F836CEF98B3AD247029 /* Pods-WalkerAppiOS.debug.xcconfig */ = {isa = PBXFileReference; includeInIndex = 1; lastKnownFileType = text.xcconfig; name = "Pods-WalkerAppiOS.debug.xcconfig"; path = "Target Support Files/Pods-WalkerAppiOS/Pods-WalkerAppiOS.debug.xcconfig"; sourceTree = "<group>"; };
		B2004DF52BB7482100C4ECC4 /* AuthorizationViewController.swift */ = {isa = PBXFileReference; lastKnownFileType = sourcecode.swift; path = AuthorizationViewController.swift; sourceTree = "<group>"; };
		B2004DF72BB74C7F00C4ECC4 /* RectangleSubViewBaseViewAuth.swift */ = {isa = PBXFileReference; lastKnownFileType = sourcecode.swift; path = RectangleSubViewBaseViewAuth.swift; sourceTree = "<group>"; };
		B2085B322BB60318002B12DE /* CustomTextField.swift */ = {isa = PBXFileReference; lastKnownFileType = sourcecode.swift; path = CustomTextField.swift; sourceTree = "<group>"; };
		B2201C1E2BC1F8C90027652C /* loaderView.json */ = {isa = PBXFileReference; fileEncoding = 4; lastKnownFileType = text.json; name = loaderView.json; path = ../../../../../Downloads/loaderView.json; sourceTree = "<group>"; };
		B2201C222BC1FC050027652C /* workDevelopment.json */ = {isa = PBXFileReference; fileEncoding = 4; lastKnownFileType = text.json; name = workDevelopment.json; path = ../../../../../Downloads/workDevelopment.json; sourceTree = "<group>"; };
		B22783AA2BA3877C00F45C17 /* WalkerAppiOS.app */ = {isa = PBXFileReference; explicitFileType = wrapper.application; includeInIndex = 0; path = WalkerAppiOS.app; sourceTree = BUILT_PRODUCTS_DIR; };
		B22783AD2BA3877D00F45C17 /* AppDelegate.swift */ = {isa = PBXFileReference; lastKnownFileType = sourcecode.swift; path = AppDelegate.swift; sourceTree = "<group>"; };
		B22783AF2BA3877D00F45C17 /* SceneDelegate.swift */ = {isa = PBXFileReference; lastKnownFileType = sourcecode.swift; path = SceneDelegate.swift; sourceTree = "<group>"; };
		B22783B62BA3878300F45C17 /* Assets.xcassets */ = {isa = PBXFileReference; lastKnownFileType = folder.assetcatalog; path = Assets.xcassets; sourceTree = "<group>"; };
		B22783B92BA3878300F45C17 /* Base */ = {isa = PBXFileReference; lastKnownFileType = file.storyboard; name = Base; path = Base.lproj/LaunchScreen.storyboard; sourceTree = "<group>"; };
		B22783BB2BA3878300F45C17 /* Info.plist */ = {isa = PBXFileReference; lastKnownFileType = text.plist.xml; path = Info.plist; sourceTree = "<group>"; };
		B22783C42BA3889F00F45C17 /* Coordinator.swift */ = {isa = PBXFileReference; lastKnownFileType = sourcecode.swift; path = Coordinator.swift; sourceTree = "<group>"; };
		B22783C62BA388C900F45C17 /* AppCoordinator.swift */ = {isa = PBXFileReference; lastKnownFileType = sourcecode.swift; path = AppCoordinator.swift; sourceTree = "<group>"; };
		B22783C82BA388F300F45C17 /* AuthCoordinator.swift */ = {isa = PBXFileReference; lastKnownFileType = sourcecode.swift; path = AuthCoordinator.swift; sourceTree = "<group>"; };
		B22783CA2BA3890D00F45C17 /* MainCoordinator.swift */ = {isa = PBXFileReference; lastKnownFileType = sourcecode.swift; path = MainCoordinator.swift; sourceTree = "<group>"; };
		B22783CE2BA3895000F45C17 /* MainViewController.swift */ = {isa = PBXFileReference; lastKnownFileType = sourcecode.swift; path = MainViewController.swift; sourceTree = "<group>"; };
		B22783D02BA3896800F45C17 /* MainAssembly.swift */ = {isa = PBXFileReference; lastKnownFileType = sourcecode.swift; path = MainAssembly.swift; sourceTree = "<group>"; };
		B22783D32BA3898F00F45C17 /* AuthViewController.swift */ = {isa = PBXFileReference; lastKnownFileType = sourcecode.swift; path = AuthViewController.swift; sourceTree = "<group>"; };
		B22783D52BA389A600F45C17 /* AuthAssembly.swift */ = {isa = PBXFileReference; lastKnownFileType = sourcecode.swift; path = AuthAssembly.swift; sourceTree = "<group>"; };
		B22783D82BA389D000F45C17 /* Dependencies.swift */ = {isa = PBXFileReference; lastKnownFileType = sourcecode.swift; path = Dependencies.swift; sourceTree = "<group>"; };
		B22783DA2BA389EB00F45C17 /* ModuleContainer.swift */ = {isa = PBXFileReference; lastKnownFileType = sourcecode.swift; path = ModuleContainer.swift; sourceTree = "<group>"; };
		B22783DD2BA38A1200F45C17 /* UserDefaultsRepository.swift */ = {isa = PBXFileReference; lastKnownFileType = sourcecode.swift; path = UserDefaultsRepository.swift; sourceTree = "<group>"; };
		B22783E02BA38A3200F45C17 /* Constants.swift */ = {isa = PBXFileReference; lastKnownFileType = sourcecode.swift; path = Constants.swift; sourceTree = "<group>"; };
		B239AB1E2BAB7B6500DDD29E /* RegistrationViewController.swift */ = {isa = PBXFileReference; lastKnownFileType = sourcecode.swift; path = RegistrationViewController.swift; sourceTree = "<group>"; };
		B239AB202BAB7B7500DDD29E /* RegistrationAssembly.swift */ = {isa = PBXFileReference; lastKnownFileType = sourcecode.swift; path = RegistrationAssembly.swift; sourceTree = "<group>"; };
		B239AB232BAB7E1E00DDD29E /* NextScreenFromAuthViewController.swift */ = {isa = PBXFileReference; lastKnownFileType = sourcecode.swift; path = NextScreenFromAuthViewController.swift; sourceTree = "<group>"; };
		B239AB252BAB7EAD00DDD29E /* NextScreenFromAuthAssembly.swift */ = {isa = PBXFileReference; lastKnownFileType = sourcecode.swift; path = NextScreenFromAuthAssembly.swift; sourceTree = "<group>"; };
		B25791FC2BB34061005F628D /* User.swift */ = {isa = PBXFileReference; lastKnownFileType = sourcecode.swift; path = User.swift; sourceTree = "<group>"; };
		B25791FE2BB34112005F628D /* AuthViewModel.swift */ = {isa = PBXFileReference; lastKnownFileType = sourcecode.swift; path = AuthViewModel.swift; sourceTree = "<group>"; };
		B25792002BB34223005F628D /* Dynamic.swift */ = {isa = PBXFileReference; lastKnownFileType = sourcecode.swift; path = Dynamic.swift; sourceTree = "<group>"; };
		B276100D2BC86D5A00CDD3E3 /* StandartCustomNavigationBar.swift */ = {isa = PBXFileReference; lastKnownFileType = sourcecode.swift; path = StandartCustomNavigationBar.swift; sourceTree = "<group>"; };
		B276100F2BC87ADD00CDD3E3 /* CustomNavigationBar.swift */ = {isa = PBXFileReference; lastKnownFileType = sourcecode.swift; path = CustomNavigationBar.swift; sourceTree = "<group>"; };
		B27610112BC884B700CDD3E3 /* RegistrationCollectionView.swift */ = {isa = PBXFileReference; lastKnownFileType = sourcecode.swift; path = RegistrationCollectionView.swift; sourceTree = "<group>"; };
		B28267E22BC1C00A008B183F /* CustomTextField+SecureTogleExtension.swift */ = {isa = PBXFileReference; lastKnownFileType = sourcecode.swift; path = "CustomTextField+SecureTogleExtension.swift"; sourceTree = "<group>"; };
		B28A15832BA8DC23008B15A9 /* RecoverPasswordViewController.swift */ = {isa = PBXFileReference; lastKnownFileType = sourcecode.swift; path = RecoverPasswordViewController.swift; sourceTree = "<group>"; };
		B28A15852BA8DC61008B15A9 /* RecoverPasswordAssembly.swift */ = {isa = PBXFileReference; lastKnownFileType = sourcecode.swift; path = RecoverPasswordAssembly.swift; sourceTree = "<group>"; };
		B2C8DB0A2BBB303D0093B197 /* Extensions.swift */ = {isa = PBXFileReference; lastKnownFileType = sourcecode.swift; path = Extensions.swift; sourceTree = "<group>"; };
		B2E2B1D52BC4768100052ACF /* CustomTextField + CheckoutExtension.swift */ = {isa = PBXFileReference; lastKnownFileType = sourcecode.swift; path = "CustomTextField + CheckoutExtension.swift"; sourceTree = "<group>"; };
		B2E2B1D72BC478EE00052ACF /* CustomTextFieldViewModel.swift */ = {isa = PBXFileReference; lastKnownFileType = sourcecode.swift; path = CustomTextFieldViewModel.swift; sourceTree = "<group>"; };
		B2EEC1082BA4CE4100F8849B /* SFUIText-HeavyItalic.ttf */ = {isa = PBXFileReference; lastKnownFileType = file; name = "SFUIText-HeavyItalic.ttf"; path = "../../../../../Downloads/San Francisco UI Text/SFUIText-HeavyItalic.ttf"; sourceTree = "<group>"; };
		B2EEC10A2BA4CE4100F8849B /* SFUIText-Bold_0.ttf */ = {isa = PBXFileReference; lastKnownFileType = file; name = "SFUIText-Bold_0.ttf"; path = "../../../../../Downloads/San Francisco UI Text/SFUIText-Bold_0.ttf"; sourceTree = "<group>"; };
		B2EEC10C2BA4CE4100F8849B /* SFUIText-BoldItalic.ttf */ = {isa = PBXFileReference; lastKnownFileType = file; name = "SFUIText-BoldItalic.ttf"; path = "../../../../../Downloads/San Francisco UI Text/SFUIText-BoldItalic.ttf"; sourceTree = "<group>"; };
		B2EEC10D2BA4CE4100F8849B /* SFUIText-LightItalic.ttf */ = {isa = PBXFileReference; lastKnownFileType = file; name = "SFUIText-LightItalic.ttf"; path = "../../../../../Downloads/San Francisco UI Text/SFUIText-LightItalic.ttf"; sourceTree = "<group>"; };
		B2EEC10E2BA4CE4100F8849B /* SFUIText-Medium.ttf */ = {isa = PBXFileReference; lastKnownFileType = file; name = "SFUIText-Medium.ttf"; path = "../../../../../Downloads/San Francisco UI Text/SFUIText-Medium.ttf"; sourceTree = "<group>"; };
		B2EEC10F2BA4CE4100F8849B /* SFUIText-Heavy.ttf */ = {isa = PBXFileReference; lastKnownFileType = file; name = "SFUIText-Heavy.ttf"; path = "../../../../../Downloads/San Francisco UI Text/SFUIText-Heavy.ttf"; sourceTree = "<group>"; };
		B2EEC1102BA4CE4100F8849B /* SFUIText-Light.ttf */ = {isa = PBXFileReference; lastKnownFileType = file; name = "SFUIText-Light.ttf"; path = "../../../../../Downloads/San Francisco UI Text/SFUIText-Light.ttf"; sourceTree = "<group>"; };
		B2EEC1122BA4CE4100F8849B /* SFUIText-RegularItalic.ttf */ = {isa = PBXFileReference; lastKnownFileType = file; name = "SFUIText-RegularItalic.ttf"; path = "../../../../../Downloads/San Francisco UI Text/SFUIText-RegularItalic.ttf"; sourceTree = "<group>"; };
		B2EEC1132BA4CE4200F8849B /* SFUIText-Semibold.ttf */ = {isa = PBXFileReference; lastKnownFileType = file; name = "SFUIText-Semibold.ttf"; path = "../../../../../Downloads/San Francisco UI Text/SFUIText-Semibold.ttf"; sourceTree = "<group>"; };
		B2F864292BC7298E004D69D5 /* CustomNavigationBarForRecoverVC.swift */ = {isa = PBXFileReference; lastKnownFileType = sourcecode.swift; path = CustomNavigationBarForRecoverVC.swift; sourceTree = "<group>"; };
		F21A12EAAF1967D75F2816D1 /* Pods_WalkerAppiOS.framework */ = {isa = PBXFileReference; explicitFileType = wrapper.framework; includeInIndex = 0; path = Pods_WalkerAppiOS.framework; sourceTree = BUILT_PRODUCTS_DIR; };
/* End PBXFileReference section */

/* Begin PBXFrameworksBuildPhase section */
		B22783A72BA3877C00F45C17 /* Frameworks */ = {
			isa = PBXFrameworksBuildPhase;
			buildActionMask = 2147483647;
			files = (
				B2EEC1062BA4C9E500F8849B /* SnapKit in Frameworks */,
				A0E131B885E58C927192427F /* Pods_WalkerAppiOS.framework in Frameworks */,
			);
			runOnlyForDeploymentPostprocessing = 0;
		};
/* End PBXFrameworksBuildPhase section */

/* Begin PBXGroup section */
		6B6A69F6D8D1F6E2DDF09E76 /* Pods */ = {
			isa = PBXGroup;
			children = (
				669F5F836CEF98B3AD247029 /* Pods-WalkerAppiOS.debug.xcconfig */,
				30660B4369837708DE32EAE5 /* Pods-WalkerAppiOS.release.xcconfig */,
			);
			path = Pods;
			sourceTree = "<group>";
		};
		B2085B312BB6026C002B12DE /* CustomElements */ = {
			isa = PBXGroup;
			children = (
				B276100C2BC86D3700CDD3E3 /* CustomNavigationElements */,
				B276100B2BC86D2700CDD3E3 /* CustomTextField */,
			);
			path = CustomElements;
			sourceTree = "<group>";
		};
		B2201C1B2BC1EA1F0027652C /* AnimationLottie */ = {
			isa = PBXGroup;
			children = (
				B2201C222BC1FC050027652C /* workDevelopment.json */,
				B2201C1E2BC1F8C90027652C /* loaderView.json */,
			);
			path = AnimationLottie;
			sourceTree = "<group>";
		};
		B22783A12BA3877C00F45C17 = {
			isa = PBXGroup;
			children = (
				B22783AC2BA3877C00F45C17 /* WalkerAppiOS */,
				B22783AB2BA3877C00F45C17 /* Products */,
				6B6A69F6D8D1F6E2DDF09E76 /* Pods */,
				E6072CB84F974F592E770EE8 /* Frameworks */,
			);
			sourceTree = "<group>";
		};
		B22783AB2BA3877C00F45C17 /* Products */ = {
			isa = PBXGroup;
			children = (
				B22783AA2BA3877C00F45C17 /* WalkerAppiOS.app */,
			);
			name = Products;
			sourceTree = "<group>";
		};
		B22783AC2BA3877C00F45C17 /* WalkerAppiOS */ = {
			isa = PBXGroup;
			children = (
				B2201C1B2BC1EA1F0027652C /* AnimationLottie */,
				B2085B312BB6026C002B12DE /* CustomElements */,
				B2EEC1072BA4CDBA00F8849B /* Fonts */,
				B22783DF2BA38A2400F45C17 /* Extensions */,
				B22783DC2BA389FA00F45C17 /* Service */,
				B22783D72BA389B500F45C17 /* Dependencies */,
				B22783CC2BA3891C00F45C17 /* Module */,
				B22783C32BA3888900F45C17 /* Coordinator */,
				B22783C12BA387E600F45C17 /* SupportingFiles */,
			);
			path = WalkerAppiOS;
			sourceTree = "<group>";
		};
		B22783C12BA387E600F45C17 /* SupportingFiles */ = {
			isa = PBXGroup;
			children = (
				B22783C22BA3880000F45C17 /* Resources */,
			);
			path = SupportingFiles;
			sourceTree = "<group>";
		};
		B22783C22BA3880000F45C17 /* Resources */ = {
			isa = PBXGroup;
			children = (
				B22783AD2BA3877D00F45C17 /* AppDelegate.swift */,
				B22783AF2BA3877D00F45C17 /* SceneDelegate.swift */,
				B22783B62BA3878300F45C17 /* Assets.xcassets */,
				B22783B82BA3878300F45C17 /* LaunchScreen.storyboard */,
				B22783BB2BA3878300F45C17 /* Info.plist */,
			);
			path = Resources;
			sourceTree = "<group>";
		};
		B22783C32BA3888900F45C17 /* Coordinator */ = {
			isa = PBXGroup;
			children = (
				B22783C42BA3889F00F45C17 /* Coordinator.swift */,
				B22783C62BA388C900F45C17 /* AppCoordinator.swift */,
				B22783C82BA388F300F45C17 /* AuthCoordinator.swift */,
				B22783CA2BA3890D00F45C17 /* MainCoordinator.swift */,
			);
			path = Coordinator;
			sourceTree = "<group>";
		};
		B22783CC2BA3891C00F45C17 /* Module */ = {
			isa = PBXGroup;
			children = (
				B22783D22BA3897500F45C17 /* AuthFlow */,
				B22783CD2BA3892F00F45C17 /* MainViewController */,
			);
			path = Module;
			sourceTree = "<group>";
		};
		B22783CD2BA3892F00F45C17 /* MainViewController */ = {
			isa = PBXGroup;
			children = (
				B22783CE2BA3895000F45C17 /* MainViewController.swift */,
				B22783D02BA3896800F45C17 /* MainAssembly.swift */,
			);
			path = MainViewController;
			sourceTree = "<group>";
		};
		B22783D22BA3897500F45C17 /* AuthFlow */ = {
			isa = PBXGroup;
			children = (
				B25069002BACADF4002CD92E /* AuthViewController */,
				B239AB222BAB7DD600DDD29E /* NextScreenFromAuth */,
				B239AB1D2BAB7B4400DDD29E /* Registration */,
				B28A15822BA8DC07008B15A9 /* RecoverPassword */,
			);
			path = AuthFlow;
			sourceTree = "<group>";
		};
		B22783D72BA389B500F45C17 /* Dependencies */ = {
			isa = PBXGroup;
			children = (
				B22783D82BA389D000F45C17 /* Dependencies.swift */,
				B22783DA2BA389EB00F45C17 /* ModuleContainer.swift */,
			);
			path = Dependencies;
			sourceTree = "<group>";
		};
		B22783DC2BA389FA00F45C17 /* Service */ = {
			isa = PBXGroup;
			children = (
				B22783DD2BA38A1200F45C17 /* UserDefaultsRepository.swift */,
			);
			path = Service;
			sourceTree = "<group>";
		};
		B22783DF2BA38A2400F45C17 /* Extensions */ = {
			isa = PBXGroup;
			children = (
				B22783E02BA38A3200F45C17 /* Constants.swift */,
				B2C8DB0A2BBB303D0093B197 /* Extensions.swift */,
			);
			path = Extensions;
			sourceTree = "<group>";
		};
		B239AB1D2BAB7B4400DDD29E /* Registration */ = {
			isa = PBXGroup;
			children = (
				B239AB1E2BAB7B6500DDD29E /* RegistrationViewController.swift */,
				B239AB202BAB7B7500DDD29E /* RegistrationAssembly.swift */,
				B27610112BC884B700CDD3E3 /* RegistrationCollectionView.swift */,
			);
			path = Registration;
			sourceTree = "<group>";
		};
		B239AB222BAB7DD600DDD29E /* NextScreenFromAuth */ = {
			isa = PBXGroup;
			children = (
				B239AB232BAB7E1E00DDD29E /* NextScreenFromAuthViewController.swift */,
				B239AB252BAB7EAD00DDD29E /* NextScreenFromAuthAssembly.swift */,
			);
			path = NextScreenFromAuth;
			sourceTree = "<group>";
		};
		B25069002BACADF4002CD92E /* AuthViewController */ = {
			isa = PBXGroup;
			children = (
				B25791FB2BB34019005F628D /* ViewModels */,
				B25791FA2BB3400F005F628D /* Views */,
				B25791F92BB34008005F628D /* Models */,
			);
			path = AuthViewController;
			sourceTree = "<group>";
		};
		B25791F92BB34008005F628D /* Models */ = {
			isa = PBXGroup;
			children = (
				B25791FC2BB34061005F628D /* User.swift */,
			);
			path = Models;
			sourceTree = "<group>";
		};
		B25791FA2BB3400F005F628D /* Views */ = {
			isa = PBXGroup;
			children = (
				B22783D32BA3898F00F45C17 /* AuthViewController.swift */,
				B22783D52BA389A600F45C17 /* AuthAssembly.swift */,
				B2004DF52BB7482100C4ECC4 /* AuthorizationViewController.swift */,
				B2004DF72BB74C7F00C4ECC4 /* RectangleSubViewBaseViewAuth.swift */,
			);
			path = Views;
			sourceTree = "<group>";
		};
		B25791FB2BB34019005F628D /* ViewModels */ = {
			isa = PBXGroup;
			children = (
				B25791FE2BB34112005F628D /* AuthViewModel.swift */,
				B25792002BB34223005F628D /* Dynamic.swift */,
			);
			path = ViewModels;
			sourceTree = "<group>";
		};
		B276100B2BC86D2700CDD3E3 /* CustomTextField */ = {
			isa = PBXGroup;
			children = (
				B2085B322BB60318002B12DE /* CustomTextField.swift */,
				B28267E22BC1C00A008B183F /* CustomTextField+SecureTogleExtension.swift */,
				B2E2B1D52BC4768100052ACF /* CustomTextField + CheckoutExtension.swift */,
				B2E2B1D72BC478EE00052ACF /* CustomTextFieldViewModel.swift */,
			);
			path = CustomTextField;
			sourceTree = "<group>";
		};
		B276100C2BC86D3700CDD3E3 /* CustomNavigationElements */ = {
			isa = PBXGroup;
			children = (
				B276100D2BC86D5A00CDD3E3 /* StandartCustomNavigationBar.swift */,
				B276100F2BC87ADD00CDD3E3 /* CustomNavigationBar.swift */,
			);
			path = CustomNavigationElements;
			sourceTree = "<group>";
		};
		B28A15822BA8DC07008B15A9 /* RecoverPassword */ = {
			isa = PBXGroup;
			children = (
				B28A15832BA8DC23008B15A9 /* RecoverPasswordViewController.swift */,
				B28A15852BA8DC61008B15A9 /* RecoverPasswordAssembly.swift */,
				B2F864292BC7298E004D69D5 /* CustomNavigationBarForRecoverVC.swift */,
			);
			path = RecoverPassword;
			sourceTree = "<group>";
		};
		B2EEC1072BA4CDBA00F8849B /* Fonts */ = {
			isa = PBXGroup;
			children = (
				B2EEC10A2BA4CE4100F8849B /* SFUIText-Bold_0.ttf */,
				B2EEC10C2BA4CE4100F8849B /* SFUIText-BoldItalic.ttf */,
				B2EEC10F2BA4CE4100F8849B /* SFUIText-Heavy.ttf */,
				B2EEC1082BA4CE4100F8849B /* SFUIText-HeavyItalic.ttf */,
				B2EEC1102BA4CE4100F8849B /* SFUIText-Light.ttf */,
				B2EEC10D2BA4CE4100F8849B /* SFUIText-LightItalic.ttf */,
				B2EEC10E2BA4CE4100F8849B /* SFUIText-Medium.ttf */,
				B2EEC1122BA4CE4100F8849B /* SFUIText-RegularItalic.ttf */,
				B2EEC1132BA4CE4200F8849B /* SFUIText-Semibold.ttf */,
			);
			path = Fonts;
			sourceTree = "<group>";
		};
		E6072CB84F974F592E770EE8 /* Frameworks */ = {
			isa = PBXGroup;
			children = (
				F21A12EAAF1967D75F2816D1 /* Pods_WalkerAppiOS.framework */,
			);
			name = Frameworks;
			sourceTree = "<group>";
		};
/* End PBXGroup section */

/* Begin PBXNativeTarget section */
		B22783A92BA3877C00F45C17 /* WalkerAppiOS */ = {
			isa = PBXNativeTarget;
			buildConfigurationList = B22783BE2BA3878300F45C17 /* Build configuration list for PBXNativeTarget "WalkerAppiOS" */;
			buildPhases = (
				B1AF3106D6E70B22290BD9E3 /* [CP] Check Pods Manifest.lock */,
				B22783A62BA3877C00F45C17 /* Sources */,
				B22783A72BA3877C00F45C17 /* Frameworks */,
				B22783A82BA3877C00F45C17 /* Resources */,
				B73EB5392CDA5B4E30632A3C /* [CP] Embed Pods Frameworks */,
			);
			buildRules = (
			);
			dependencies = (
			);
			name = WalkerAppiOS;
			packageProductDependencies = (
				B2EEC1052BA4C9E500F8849B /* SnapKit */,
			);
			productName = WalkerAppiOS;
			productReference = B22783AA2BA3877C00F45C17 /* WalkerAppiOS.app */;
			productType = "com.apple.product-type.application";
		};
/* End PBXNativeTarget section */

/* Begin PBXProject section */
		B22783A22BA3877C00F45C17 /* Project object */ = {
			isa = PBXProject;
			attributes = {
				BuildIndependentTargetsInParallel = 1;
				LastSwiftUpdateCheck = 1520;
				LastUpgradeCheck = 1520;
				TargetAttributes = {
					B22783A92BA3877C00F45C17 = {
						CreatedOnToolsVersion = 15.2;
					};
				};
			};
			buildConfigurationList = B22783A52BA3877C00F45C17 /* Build configuration list for PBXProject "WalkerAppiOS" */;
			compatibilityVersion = "Xcode 14.0";
			developmentRegion = en;
			hasScannedForEncodings = 0;
			knownRegions = (
				en,
				Base,
			);
			mainGroup = B22783A12BA3877C00F45C17;
			packageReferences = (
				B2EEC1042BA4C9E500F8849B /* XCRemoteSwiftPackageReference "SnapKit" */,
			);
			productRefGroup = B22783AB2BA3877C00F45C17 /* Products */;
			projectDirPath = "";
			projectRoot = "";
			targets = (
				B22783A92BA3877C00F45C17 /* WalkerAppiOS */,
			);
		};
/* End PBXProject section */

/* Begin PBXResourcesBuildPhase section */
		B22783A82BA3877C00F45C17 /* Resources */ = {
			isa = PBXResourcesBuildPhase;
			buildActionMask = 2147483647;
			files = (
				B2EEC11C2BA4CE4200F8849B /* SFUIText-Light.ttf in Resources */,
				B2EEC1142BA4CE4200F8849B /* SFUIText-HeavyItalic.ttf in Resources */,
				B22783BA2BA3878300F45C17 /* LaunchScreen.storyboard in Resources */,
				B2201C1F2BC1F8C90027652C /* loaderView.json in Resources */,
				B2EEC1182BA4CE4200F8849B /* SFUIText-BoldItalic.ttf in Resources */,
				B2EEC1192BA4CE4200F8849B /* SFUIText-LightItalic.ttf in Resources */,
				B2EEC11F2BA4CE4200F8849B /* SFUIText-Semibold.ttf in Resources */,
				B2201C232BC1FC050027652C /* workDevelopment.json in Resources */,
				B2EEC11E2BA4CE4200F8849B /* SFUIText-RegularItalic.ttf in Resources */,
				B2EEC11B2BA4CE4200F8849B /* SFUIText-Heavy.ttf in Resources */,
				B2EEC11A2BA4CE4200F8849B /* SFUIText-Medium.ttf in Resources */,
				B2EEC1162BA4CE4200F8849B /* SFUIText-Bold_0.ttf in Resources */,
				B22783B72BA3878300F45C17 /* Assets.xcassets in Resources */,
			);
			runOnlyForDeploymentPostprocessing = 0;
		};
/* End PBXResourcesBuildPhase section */

/* Begin PBXShellScriptBuildPhase section */
		B1AF3106D6E70B22290BD9E3 /* [CP] Check Pods Manifest.lock */ = {
			isa = PBXShellScriptBuildPhase;
			buildActionMask = 2147483647;
			files = (
			);
			inputFileListPaths = (
			);
			inputPaths = (
				"${PODS_PODFILE_DIR_PATH}/Podfile.lock",
				"${PODS_ROOT}/Manifest.lock",
			);
			name = "[CP] Check Pods Manifest.lock";
			outputFileListPaths = (
			);
			outputPaths = (
				"$(DERIVED_FILE_DIR)/Pods-WalkerAppiOS-checkManifestLockResult.txt",
			);
			runOnlyForDeploymentPostprocessing = 0;
			shellPath = /bin/sh;
			shellScript = "diff \"${PODS_PODFILE_DIR_PATH}/Podfile.lock\" \"${PODS_ROOT}/Manifest.lock\" > /dev/null\nif [ $? != 0 ] ; then\n    # print error to STDERR\n    echo \"error: The sandbox is not in sync with the Podfile.lock. Run 'pod install' or update your CocoaPods installation.\" >&2\n    exit 1\nfi\n# This output is used by Xcode 'outputs' to avoid re-running this script phase.\necho \"SUCCESS\" > \"${SCRIPT_OUTPUT_FILE_0}\"\n";
			showEnvVarsInLog = 0;
		};
		B73EB5392CDA5B4E30632A3C /* [CP] Embed Pods Frameworks */ = {
			isa = PBXShellScriptBuildPhase;
			buildActionMask = 2147483647;
			files = (
			);
			inputFileListPaths = (
				"${PODS_ROOT}/Target Support Files/Pods-WalkerAppiOS/Pods-WalkerAppiOS-frameworks-${CONFIGURATION}-input-files.xcfilelist",
			);
			name = "[CP] Embed Pods Frameworks";
			outputFileListPaths = (
				"${PODS_ROOT}/Target Support Files/Pods-WalkerAppiOS/Pods-WalkerAppiOS-frameworks-${CONFIGURATION}-output-files.xcfilelist",
			);
			runOnlyForDeploymentPostprocessing = 0;
			shellPath = /bin/sh;
			shellScript = "\"${PODS_ROOT}/Target Support Files/Pods-WalkerAppiOS/Pods-WalkerAppiOS-frameworks.sh\"\n";
			showEnvVarsInLog = 0;
		};
/* End PBXShellScriptBuildPhase section */

/* Begin PBXSourcesBuildPhase section */
		B22783A62BA3877C00F45C17 /* Sources */ = {
			isa = PBXSourcesBuildPhase;
			buildActionMask = 2147483647;
			files = (
				B2085B332BB60318002B12DE /* CustomTextField.swift in Sources */,
				B2C8DB0B2BBB303D0093B197 /* Extensions.swift in Sources */,
				B2F8642A2BC7298E004D69D5 /* CustomNavigationBarForRecoverVC.swift in Sources */,
				B22783DE2BA38A1200F45C17 /* UserDefaultsRepository.swift in Sources */,
				B2E2B1D82BC478EE00052ACF /* CustomTextFieldViewModel.swift in Sources */,
				B28A15862BA8DC61008B15A9 /* RecoverPasswordAssembly.swift in Sources */,
				B22783CF2BA3895000F45C17 /* MainViewController.swift in Sources */,
				B22783C52BA3889F00F45C17 /* Coordinator.swift in Sources */,
				B28A15842BA8DC23008B15A9 /* RecoverPasswordViewController.swift in Sources */,
				B239AB212BAB7B7500DDD29E /* RegistrationAssembly.swift in Sources */,
				B22783D12BA3896800F45C17 /* MainAssembly.swift in Sources */,
				B27610102BC87ADD00CDD3E3 /* CustomNavigationBar.swift in Sources */,
				B22783CB2BA3890D00F45C17 /* MainCoordinator.swift in Sources */,
				B22783C72BA388C900F45C17 /* AppCoordinator.swift in Sources */,
				B25791FD2BB34061005F628D /* User.swift in Sources */,
				B276100E2BC86D5A00CDD3E3 /* StandartCustomNavigationBar.swift in Sources */,
				B22783AE2BA3877D00F45C17 /* AppDelegate.swift in Sources */,
				B2E2B1D62BC4768100052ACF /* CustomTextField + CheckoutExtension.swift in Sources */,
				B22783D92BA389D000F45C17 /* Dependencies.swift in Sources */,
				B2004DF82BB74C7F00C4ECC4 /* RectangleSubViewBaseViewAuth.swift in Sources */,
				B239AB262BAB7EAD00DDD29E /* NextScreenFromAuthAssembly.swift in Sources */,
				B22783C92BA388F300F45C17 /* AuthCoordinator.swift in Sources */,
				B239AB1F2BAB7B6500DDD29E /* RegistrationViewController.swift in Sources */,
				B22783D42BA3898F00F45C17 /* AuthViewController.swift in Sources */,
				B28267E32BC1C00A008B183F /* CustomTextField+SecureTogleExtension.swift in Sources */,
				B25791FF2BB34112005F628D /* AuthViewModel.swift in Sources */,
				B2004DF62BB7482100C4ECC4 /* AuthorizationViewController.swift in Sources */,
				B22783DB2BA389EB00F45C17 /* ModuleContainer.swift in Sources */,
				B239AB242BAB7E1E00DDD29E /* NextScreenFromAuthViewController.swift in Sources */,
				B22783E12BA38A3200F45C17 /* Constants.swift in Sources */,
				B27610122BC884B700CDD3E3 /* RegistrationCollectionView.swift in Sources */,
				B25792012BB34223005F628D /* Dynamic.swift in Sources */,
				B22783B02BA3877D00F45C17 /* SceneDelegate.swift in Sources */,
				B22783D62BA389A600F45C17 /* AuthAssembly.swift in Sources */,
			);
			runOnlyForDeploymentPostprocessing = 0;
		};
/* End PBXSourcesBuildPhase section */

/* Begin PBXVariantGroup section */
		B22783B82BA3878300F45C17 /* LaunchScreen.storyboard */ = {
			isa = PBXVariantGroup;
			children = (
				B22783B92BA3878300F45C17 /* Base */,
			);
			name = LaunchScreen.storyboard;
			sourceTree = "<group>";
		};
/* End PBXVariantGroup section */

/* Begin XCBuildConfiguration section */
		B22783BC2BA3878300F45C17 /* Debug */ = {
			isa = XCBuildConfiguration;
			buildSettings = {
				ALWAYS_SEARCH_USER_PATHS = NO;
				ASSETCATALOG_COMPILER_GENERATE_SWIFT_ASSET_SYMBOL_EXTENSIONS = YES;
				CLANG_ANALYZER_NONNULL = YES;
				CLANG_ANALYZER_NUMBER_OBJECT_CONVERSION = YES_AGGRESSIVE;
				CLANG_CXX_LANGUAGE_STANDARD = "gnu++20";
				CLANG_ENABLE_MODULES = YES;
				CLANG_ENABLE_OBJC_ARC = YES;
				CLANG_ENABLE_OBJC_WEAK = YES;
				CLANG_WARN_BLOCK_CAPTURE_AUTORELEASING = YES;
				CLANG_WARN_BOOL_CONVERSION = YES;
				CLANG_WARN_COMMA = YES;
				CLANG_WARN_CONSTANT_CONVERSION = YES;
				CLANG_WARN_DEPRECATED_OBJC_IMPLEMENTATIONS = YES;
				CLANG_WARN_DIRECT_OBJC_ISA_USAGE = YES_ERROR;
				CLANG_WARN_DOCUMENTATION_COMMENTS = YES;
				CLANG_WARN_EMPTY_BODY = YES;
				CLANG_WARN_ENUM_CONVERSION = YES;
				CLANG_WARN_INFINITE_RECURSION = YES;
				CLANG_WARN_INT_CONVERSION = YES;
				CLANG_WARN_NON_LITERAL_NULL_CONVERSION = YES;
				CLANG_WARN_OBJC_IMPLICIT_RETAIN_SELF = YES;
				CLANG_WARN_OBJC_LITERAL_CONVERSION = YES;
				CLANG_WARN_OBJC_ROOT_CLASS = YES_ERROR;
				CLANG_WARN_QUOTED_INCLUDE_IN_FRAMEWORK_HEADER = YES;
				CLANG_WARN_RANGE_LOOP_ANALYSIS = YES;
				CLANG_WARN_STRICT_PROTOTYPES = YES;
				CLANG_WARN_SUSPICIOUS_MOVE = YES;
				CLANG_WARN_UNGUARDED_AVAILABILITY = YES_AGGRESSIVE;
				CLANG_WARN_UNREACHABLE_CODE = YES;
				CLANG_WARN__DUPLICATE_METHOD_MATCH = YES;
				COPY_PHASE_STRIP = NO;
				DEBUG_INFORMATION_FORMAT = dwarf;
				ENABLE_STRICT_OBJC_MSGSEND = YES;
				ENABLE_TESTABILITY = YES;
				ENABLE_USER_SCRIPT_SANDBOXING = NO;
				GCC_C_LANGUAGE_STANDARD = gnu17;
				GCC_DYNAMIC_NO_PIC = NO;
				GCC_NO_COMMON_BLOCKS = YES;
				GCC_OPTIMIZATION_LEVEL = 0;
				GCC_PREPROCESSOR_DEFINITIONS = (
					"DEBUG=1",
					"$(inherited)",
				);
				GCC_WARN_64_TO_32_BIT_CONVERSION = YES;
				GCC_WARN_ABOUT_RETURN_TYPE = YES_ERROR;
				GCC_WARN_UNDECLARED_SELECTOR = YES;
				GCC_WARN_UNINITIALIZED_AUTOS = YES_AGGRESSIVE;
				GCC_WARN_UNUSED_FUNCTION = YES;
				GCC_WARN_UNUSED_VARIABLE = YES;
				IPHONEOS_DEPLOYMENT_TARGET = 17.2;
				LOCALIZATION_PREFERS_STRING_CATALOGS = YES;
				MTL_ENABLE_DEBUG_INFO = INCLUDE_SOURCE;
				MTL_FAST_MATH = YES;
				ONLY_ACTIVE_ARCH = YES;
				SDKROOT = iphoneos;
				SWIFT_ACTIVE_COMPILATION_CONDITIONS = "DEBUG $(inherited)";
				SWIFT_OPTIMIZATION_LEVEL = "-Onone";
			};
			name = Debug;
		};
		B22783BD2BA3878300F45C17 /* Release */ = {
			isa = XCBuildConfiguration;
			buildSettings = {
				ALWAYS_SEARCH_USER_PATHS = NO;
				ASSETCATALOG_COMPILER_GENERATE_SWIFT_ASSET_SYMBOL_EXTENSIONS = YES;
				CLANG_ANALYZER_NONNULL = YES;
				CLANG_ANALYZER_NUMBER_OBJECT_CONVERSION = YES_AGGRESSIVE;
				CLANG_CXX_LANGUAGE_STANDARD = "gnu++20";
				CLANG_ENABLE_MODULES = YES;
				CLANG_ENABLE_OBJC_ARC = YES;
				CLANG_ENABLE_OBJC_WEAK = YES;
				CLANG_WARN_BLOCK_CAPTURE_AUTORELEASING = YES;
				CLANG_WARN_BOOL_CONVERSION = YES;
				CLANG_WARN_COMMA = YES;
				CLANG_WARN_CONSTANT_CONVERSION = YES;
				CLANG_WARN_DEPRECATED_OBJC_IMPLEMENTATIONS = YES;
				CLANG_WARN_DIRECT_OBJC_ISA_USAGE = YES_ERROR;
				CLANG_WARN_DOCUMENTATION_COMMENTS = YES;
				CLANG_WARN_EMPTY_BODY = YES;
				CLANG_WARN_ENUM_CONVERSION = YES;
				CLANG_WARN_INFINITE_RECURSION = YES;
				CLANG_WARN_INT_CONVERSION = YES;
				CLANG_WARN_NON_LITERAL_NULL_CONVERSION = YES;
				CLANG_WARN_OBJC_IMPLICIT_RETAIN_SELF = YES;
				CLANG_WARN_OBJC_LITERAL_CONVERSION = YES;
				CLANG_WARN_OBJC_ROOT_CLASS = YES_ERROR;
				CLANG_WARN_QUOTED_INCLUDE_IN_FRAMEWORK_HEADER = YES;
				CLANG_WARN_RANGE_LOOP_ANALYSIS = YES;
				CLANG_WARN_STRICT_PROTOTYPES = YES;
				CLANG_WARN_SUSPICIOUS_MOVE = YES;
				CLANG_WARN_UNGUARDED_AVAILABILITY = YES_AGGRESSIVE;
				CLANG_WARN_UNREACHABLE_CODE = YES;
				CLANG_WARN__DUPLICATE_METHOD_MATCH = YES;
				COPY_PHASE_STRIP = NO;
				DEBUG_INFORMATION_FORMAT = "dwarf-with-dsym";
				ENABLE_NS_ASSERTIONS = NO;
				ENABLE_STRICT_OBJC_MSGSEND = YES;
				ENABLE_USER_SCRIPT_SANDBOXING = NO;
				GCC_C_LANGUAGE_STANDARD = gnu17;
				GCC_NO_COMMON_BLOCKS = YES;
				GCC_WARN_64_TO_32_BIT_CONVERSION = YES;
				GCC_WARN_ABOUT_RETURN_TYPE = YES_ERROR;
				GCC_WARN_UNDECLARED_SELECTOR = YES;
				GCC_WARN_UNINITIALIZED_AUTOS = YES_AGGRESSIVE;
				GCC_WARN_UNUSED_FUNCTION = YES;
				GCC_WARN_UNUSED_VARIABLE = YES;
				IPHONEOS_DEPLOYMENT_TARGET = 17.2;
				LOCALIZATION_PREFERS_STRING_CATALOGS = YES;
				MTL_ENABLE_DEBUG_INFO = NO;
				MTL_FAST_MATH = YES;
				SDKROOT = iphoneos;
				SWIFT_COMPILATION_MODE = wholemodule;
				VALIDATE_PRODUCT = YES;
			};
			name = Release;
		};
		B22783BF2BA3878300F45C17 /* Debug */ = {
			isa = XCBuildConfiguration;
			baseConfigurationReference = 669F5F836CEF98B3AD247029 /* Pods-WalkerAppiOS.debug.xcconfig */;
			buildSettings = {
				ASSETCATALOG_COMPILER_APPICON_NAME = AppIcon;
				ASSETCATALOG_COMPILER_GLOBAL_ACCENT_COLOR_NAME = AccentColor;
				CODE_SIGN_STYLE = Automatic;
				CURRENT_PROJECT_VERSION = 1;
				DEVELOPMENT_TEAM = PP565ZGK72;
				GENERATE_INFOPLIST_FILE = YES;
				INFOPLIST_FILE = WalkerAppiOS/SupportingFiles/Resources/Info.plist;
				INFOPLIST_KEY_LSApplicationCategoryType = "public.app-category.social-networking";
				INFOPLIST_KEY_UIApplicationSupportsIndirectInputEvents = YES;
				INFOPLIST_KEY_UILaunchStoryboardName = LaunchScreen;
				INFOPLIST_KEY_UISupportedInterfaceOrientations = UIInterfaceOrientationPortrait;
				INFOPLIST_KEY_UISupportedInterfaceOrientations_iPad = "UIInterfaceOrientationLandscapeLeft UIInterfaceOrientationLandscapeRight UIInterfaceOrientationPortrait UIInterfaceOrientationPortraitUpsideDown";
				IPHONEOS_DEPLOYMENT_TARGET = 13.0;
				LD_RUNPATH_SEARCH_PATHS = (
					"$(inherited)",
					"@executable_path/Frameworks",
				);
				MARKETING_VERSION = 1.0;
				PRODUCT_BUNDLE_IDENTIFIER = zvd.Walker;
				PRODUCT_NAME = "$(TARGET_NAME)";
				SUPPORTED_PLATFORMS = "iphoneos iphonesimulator";
				SUPPORTS_MACCATALYST = NO;
				SUPPORTS_MAC_DESIGNED_FOR_IPHONE_IPAD = NO;
				SUPPORTS_XR_DESIGNED_FOR_IPHONE_IPAD = NO;
				SWIFT_EMIT_LOC_STRINGS = YES;
				SWIFT_VERSION = 5.0;
				TARGETED_DEVICE_FAMILY = 1;
			};
			name = Debug;
		};
		B22783C02BA3878300F45C17 /* Release */ = {
			isa = XCBuildConfiguration;
			baseConfigurationReference = 30660B4369837708DE32EAE5 /* Pods-WalkerAppiOS.release.xcconfig */;
			buildSettings = {
				ASSETCATALOG_COMPILER_APPICON_NAME = AppIcon;
				ASSETCATALOG_COMPILER_GLOBAL_ACCENT_COLOR_NAME = AccentColor;
				CODE_SIGN_STYLE = Automatic;
				CURRENT_PROJECT_VERSION = 1;
				DEVELOPMENT_TEAM = PP565ZGK72;
				GENERATE_INFOPLIST_FILE = YES;
				INFOPLIST_FILE = WalkerAppiOS/SupportingFiles/Resources/Info.plist;
				INFOPLIST_KEY_LSApplicationCategoryType = "public.app-category.social-networking";
				INFOPLIST_KEY_UIApplicationSupportsIndirectInputEvents = YES;
				INFOPLIST_KEY_UILaunchStoryboardName = LaunchScreen;
				INFOPLIST_KEY_UISupportedInterfaceOrientations = UIInterfaceOrientationPortrait;
				INFOPLIST_KEY_UISupportedInterfaceOrientations_iPad = "UIInterfaceOrientationLandscapeLeft UIInterfaceOrientationLandscapeRight UIInterfaceOrientationPortrait UIInterfaceOrientationPortraitUpsideDown";
				IPHONEOS_DEPLOYMENT_TARGET = 13.0;
				LD_RUNPATH_SEARCH_PATHS = (
					"$(inherited)",
					"@executable_path/Frameworks",
				);
				MARKETING_VERSION = 1.0;
				PRODUCT_BUNDLE_IDENTIFIER = zvd.Walker;
				PRODUCT_NAME = "$(TARGET_NAME)";
				SUPPORTED_PLATFORMS = "iphoneos iphonesimulator";
				SUPPORTS_MACCATALYST = NO;
				SUPPORTS_MAC_DESIGNED_FOR_IPHONE_IPAD = NO;
				SUPPORTS_XR_DESIGNED_FOR_IPHONE_IPAD = NO;
				SWIFT_EMIT_LOC_STRINGS = YES;
				SWIFT_VERSION = 5.0;
				TARGETED_DEVICE_FAMILY = 1;
			};
			name = Release;
		};
/* End XCBuildConfiguration section */

/* Begin XCConfigurationList section */
		B22783A52BA3877C00F45C17 /* Build configuration list for PBXProject "WalkerAppiOS" */ = {
			isa = XCConfigurationList;
			buildConfigurations = (
				B22783BC2BA3878300F45C17 /* Debug */,
				B22783BD2BA3878300F45C17 /* Release */,
			);
			defaultConfigurationIsVisible = 0;
			defaultConfigurationName = Release;
		};
		B22783BE2BA3878300F45C17 /* Build configuration list for PBXNativeTarget "WalkerAppiOS" */ = {
			isa = XCConfigurationList;
			buildConfigurations = (
				B22783BF2BA3878300F45C17 /* Debug */,
				B22783C02BA3878300F45C17 /* Release */,
			);
			defaultConfigurationIsVisible = 0;
			defaultConfigurationName = Release;
		};
/* End XCConfigurationList section */

/* Begin XCRemoteSwiftPackageReference section */
		B2EEC1042BA4C9E500F8849B /* XCRemoteSwiftPackageReference "SnapKit" */ = {
			isa = XCRemoteSwiftPackageReference;
			repositoryURL = "https://github.com/SnapKit/SnapKit.git";
			requirement = {
				kind = upToNextMajorVersion;
				minimumVersion = 5.7.1;
			};
		};
/* End XCRemoteSwiftPackageReference section */

/* Begin XCSwiftPackageProductDependency section */
		B2EEC1052BA4C9E500F8849B /* SnapKit */ = {
			isa = XCSwiftPackageProductDependency;
			package = B2EEC1042BA4C9E500F8849B /* XCRemoteSwiftPackageReference "SnapKit" */;
			productName = SnapKit;
		};
/* End XCSwiftPackageProductDependency section */
	};
	rootObject = B22783A22BA3877C00F45C17 /* Project object */;
}
